
Microsoft Visual Studio Solution File, Format Version 12.00
# Visual Studio Version 17
VisualStudioVersion = 17.1.32328.378
MinimumVisualStudioVersion = 10.0.40219.1
Project("{FAE04EC0-301F-11D3-BF4B-00C04F79EFBC}") = "Encapsulamento", "Encapsulamento\Encapsulamento.csproj", "{6942CD01-6C82-4AAA-BB94-8D47C0391507}"
EndProject
Global
	GlobalSection(SolutionConfigurationPlatforms) = preSolution
		Debug|Any CPU = Debug|Any CPU
		Release|Any CPU = Release|Any CPU
	EndGlobalSection
	GlobalSection(ProjectConfigurationPlatforms) = postSolution
		{6942CD01-6C82-4AAA-BB94-8D47C0391507}.Debug|Any CPU.ActiveCfg = Debug|Any CPU
		{6942CD01-6C82-4AAA-BB94-8D47C0391507}.Debug|Any CPU.Build.0 = Debug|Any CPU
		{6942CD01-6C82-4AAA-BB94-8D47C0391507}.Release|Any CPU.ActiveCfg = Release|Any CPU
		{6942CD01-6C82-4AAA-BB94-8D47C0391507}.Release|Any CPU.Build.0 = Release|Any CPU
	EndGlobalSection
	GlobalSection(SolutionProperties) = preSolution
		HideSolutionNode = FALSE
	EndGlobalSection
	GlobalSection(ExtensibilityGlobals) = postSolution
		SolutionGuid = {25D26C09-8791-4FFB-88BF-F62DFC8F43E9}
	EndGlobalSection
EndGlobal
